
Microsoft Visual Studio Solution File, Format Version 12.00
# Visual Studio 15
VisualStudioVersion = 15.0.28307.572
MinimumVisualStudioVersion = 10.0.40219.1
Project("{FAE04EC0-301F-11D3-BF4B-00C04F79EFBC}") = "AlgoCastsCs", "AlgoCastsCs.csproj", "{5E904163-BB2A-42E8-9EB3-D658A8C49B63}"
EndProject
Global
	GlobalSection(SolutionConfigurationPlatforms) = preSolution
		Debug|Any CPU = Debug|Any CPU
		Release|Any CPU = Release|Any CPU
	EndGlobalSection
	GlobalSection(ProjectConfigurationPlatforms) = postSolution
		{5E904163-BB2A-42E8-9EB3-D658A8C49B63}.Debug|Any CPU.ActiveCfg = Debug|Any CPU
		{5E904163-BB2A-42E8-9EB3-D658A8C49B63}.Debug|Any CPU.Build.0 = Debug|Any CPU
		{5E904163-BB2A-42E8-9EB3-D658A8C49B63}.Release|Any CPU.ActiveCfg = Release|Any CPU
		{5E904163-BB2A-42E8-9EB3-D658A8C49B63}.Release|Any CPU.Build.0 = Release|Any CPU
	EndGlobalSection
	GlobalSection(SolutionProperties) = preSolution
		HideSolutionNode = FALSE
	EndGlobalSection
	GlobalSection(ExtensibilityGlobals) = postSolution
		SolutionGuid = {8C90D7C5-6CFC-4C1A-BE9F-A79F51E0D526}
	EndGlobalSection
EndGlobal
